
Microsoft Visual Studio Solution File, Format Version 12.00
# Visual Studio Version 16
VisualStudioVersion = 16.0.30406.217
MinimumVisualStudioVersion = 10.0.40219.1
Project("{FAE04EC0-301F-11D3-BF4B-00C04F79EFBC}") = "Network", "Network\Network.csproj", "{BBF6E23D-B583-4F2B-B814-CDC8F715545F}"
EndProject
Global
	GlobalSection(SolutionConfigurationPlatforms) = preSolution
		Debug|Any CPU = Debug|Any CPU
		Release|Any CPU = Release|Any CPU
	EndGlobalSection
	GlobalSection(ProjectConfigurationPlatforms) = postSolution
		{BBF6E23D-B583-4F2B-B814-CDC8F715545F}.Debug|Any CPU.ActiveCfg = Debug|Any CPU
		{BBF6E23D-B583-4F2B-B814-CDC8F715545F}.Debug|Any CPU.Build.0 = Debug|Any CPU
		{BBF6E23D-B583-4F2B-B814-CDC8F715545F}.Release|Any CPU.ActiveCfg = Release|Any CPU
		{BBF6E23D-B583-4F2B-B814-CDC8F715545F}.Release|Any CPU.Build.0 = Release|Any CPU
	EndGlobalSection
	GlobalSection(SolutionProperties) = preSolution
		HideSolutionNode = FALSE
	EndGlobalSection
	GlobalSection(ExtensibilityGlobals) = postSolution
		SolutionGuid = {33E31BF4-76C5-4A0F-9162-2424355F81E1}
	EndGlobalSection
EndGlobal
